// !$*UTF8*$!
{
	archiveVersion = 1;
	classes = {
	};
	objectVersion = 46;
	objects = {

/* Begin PBXBuildFile section */
		683C47D71E98266C00F2849F /* DatabaseFunctions.swift in Sources */ = {isa = PBXBuildFile; fileRef = 683C47D61E98266C00F2849F /* DatabaseFunctions.swift */; };
		683C47DB1E9C3F1C00F2849F /* Constants.swift in Sources */ = {isa = PBXBuildFile; fileRef = 683C47DA1E9C3F1C00F2849F /* Constants.swift */; };
		683C47E31EA158C900F2849F /* userProfileElement.swift in Sources */ = {isa = PBXBuildFile; fileRef = 683C47E21EA158C900F2849F /* userProfileElement.swift */; };
		683C47E51EA53A1C00F2849F /* Profile.swift in Sources */ = {isa = PBXBuildFile; fileRef = 683C47E41EA53A1C00F2849F /* Profile.swift */; };
		911FE7901E92BA4600BE9F3E /* AppDelegate.swift in Sources */ = {isa = PBXBuildFile; fileRef = 911FE78F1E92BA4600BE9F3E /* AppDelegate.swift */; };
		911FE7921E92BA4600BE9F3E /* ViewController.swift in Sources */ = {isa = PBXBuildFile; fileRef = 911FE7911E92BA4600BE9F3E /* ViewController.swift */; };
		911FE7951E92BA4600BE9F3E /* Main.storyboard in Resources */ = {isa = PBXBuildFile; fileRef = 911FE7931E92BA4600BE9F3E /* Main.storyboard */; };
		911FE7971E92BA4600BE9F3E /* Assets.xcassets in Resources */ = {isa = PBXBuildFile; fileRef = 911FE7961E92BA4600BE9F3E /* Assets.xcassets */; };
		911FE79A1E92BA4600BE9F3E /* LaunchScreen.storyboard in Resources */ = {isa = PBXBuildFile; fileRef = 911FE7981E92BA4600BE9F3E /* LaunchScreen.storyboard */; };
		911FE7A51E92BA4600BE9F3E /* PinderTests.swift in Sources */ = {isa = PBXBuildFile; fileRef = 911FE7A41E92BA4600BE9F3E /* PinderTests.swift */; };
		911FE7B01E92BA4600BE9F3E /* PinderUITests.swift in Sources */ = {isa = PBXBuildFile; fileRef = 911FE7AF1E92BA4600BE9F3E /* PinderUITests.swift */; };
		91278F241E94A3CB00B3BDF4 /* ColorScheme.swift in Sources */ = {isa = PBXBuildFile; fileRef = 91278F231E94A3CB00B3BDF4 /* ColorScheme.swift */; };
		91298DDB1E9BF60F00E84551 /* ProfileViewController.swift in Sources */ = {isa = PBXBuildFile; fileRef = 91298DDA1E9BF60F00E84551 /* ProfileViewController.swift */; };
		91298DDD1E9BF93C00E84551 /* GoogleService-Info.plist in Resources */ = {isa = PBXBuildFile; fileRef = 91298DDC1E9BF93C00E84551 /* GoogleService-Info.plist */; };
		91298DDF1E9C7F6600E84551 /* BrowseViewController.swift in Sources */ = {isa = PBXBuildFile; fileRef = 91298DDE1E9C7F6600E84551 /* BrowseViewController.swift */; };
		91298DE11E9C80C400E84551 /* MatchesViewController.swift in Sources */ = {isa = PBXBuildFile; fileRef = 91298DE01E9C80C400E84551 /* MatchesViewController.swift */; };
		91298DE31E9C82FC00E84551 /* DetailViewController.swift in Sources */ = {isa = PBXBuildFile; fileRef = 91298DE21E9C82FC00E84551 /* DetailViewController.swift */; };
		91D404151EA514B60027A11A /* EditViewController.swift in Sources */ = {isa = PBXBuildFile; fileRef = 91D404141EA514B60027A11A /* EditViewController.swift */; };
		91E73B151EA45D04001B6A8F /* Quicksand-Bold.otf in Resources */ = {isa = PBXBuildFile; fileRef = 91E73B0F1EA45CEB001B6A8F /* Quicksand-Bold.otf */; };
		91E73B161EA45D07001B6A8F /* Quicksand_Dash.otf in Resources */ = {isa = PBXBuildFile; fileRef = 91E73B0E1EA45CEB001B6A8F /* Quicksand_Dash.otf */; };
		91E73B171EA45D09001B6A8F /* Quicksand-BoldItalic.otf in Resources */ = {isa = PBXBuildFile; fileRef = 91E73B101EA45CEB001B6A8F /* Quicksand-BoldItalic.otf */; };
		91E73B181EA45D0B001B6A8F /* Quicksand-Italic.otf in Resources */ = {isa = PBXBuildFile; fileRef = 91E73B111EA45CEB001B6A8F /* Quicksand-Italic.otf */; };
		91E73B191EA45D0E001B6A8F /* Quicksand-Light.otf in Resources */ = {isa = PBXBuildFile; fileRef = 91E73B121EA45CEB001B6A8F /* Quicksand-Light.otf */; };
		91E73B1A1EA45D10001B6A8F /* Quicksand-LightItalic.otf in Resources */ = {isa = PBXBuildFile; fileRef = 91E73B131EA45CEB001B6A8F /* Quicksand-LightItalic.otf */; };
		91E73B1B1EA45D12001B6A8F /* Quicksand-Regular.otf in Resources */ = {isa = PBXBuildFile; fileRef = 91E73B141EA45CEB001B6A8F /* Quicksand-Regular.otf */; };
		FC85703B1510CD91FC130550 /* Pods_Pinder.framework in Frameworks */ = {isa = PBXBuildFile; fileRef = 4C94E88A858BD74FCB1F8D05 /* Pods_Pinder.framework */; };
/* End PBXBuildFile section */

/* Begin PBXContainerItemProxy section */
		911FE7A11E92BA4600BE9F3E /* PBXContainerItemProxy */ = {
			isa = PBXContainerItemProxy;
			containerPortal = 911FE7841E92BA4600BE9F3E /* Project object */;
			proxyType = 1;
			remoteGlobalIDString = 911FE78B1E92BA4600BE9F3E;
			remoteInfo = Pinder;
		};
		911FE7AC1E92BA4600BE9F3E /* PBXContainerItemProxy */ = {
			isa = PBXContainerItemProxy;
			containerPortal = 911FE7841E92BA4600BE9F3E /* Project object */;
			proxyType = 1;
			remoteGlobalIDString = 911FE78B1E92BA4600BE9F3E;
			remoteInfo = Pinder;
		};
/* End PBXContainerItemProxy section */

/* Begin PBXFileReference section */
		4C94E88A858BD74FCB1F8D05 /* Pods_Pinder.framework */ = {isa = PBXFileReference; explicitFileType = wrapper.framework; includeInIndex = 0; path = Pods_Pinder.framework; sourceTree = BUILT_PRODUCTS_DIR; };
		683C47D61E98266C00F2849F /* DatabaseFunctions.swift */ = {isa = PBXFileReference; fileEncoding = 4; lastKnownFileType = sourcecode.swift; path = DatabaseFunctions.swift; sourceTree = "<group>"; };
		683C47DA1E9C3F1C00F2849F /* Constants.swift */ = {isa = PBXFileReference; fileEncoding = 4; lastKnownFileType = sourcecode.swift; path = Constants.swift; sourceTree = "<group>"; };
		683C47E21EA158C900F2849F /* userProfileElement.swift */ = {isa = PBXFileReference; fileEncoding = 4; lastKnownFileType = sourcecode.swift; path = userProfileElement.swift; sourceTree = "<group>"; };
		683C47E41EA53A1C00F2849F /* Profile.swift */ = {isa = PBXFileReference; fileEncoding = 4; lastKnownFileType = sourcecode.swift; path = Profile.swift; sourceTree = "<group>"; };
		6C3BF72817A13DC323C3C8BB /* Pods-Pinder.debug.xcconfig */ = {isa = PBXFileReference; includeInIndex = 1; lastKnownFileType = text.xcconfig; name = "Pods-Pinder.debug.xcconfig"; path = "Pods/Target Support Files/Pods-Pinder/Pods-Pinder.debug.xcconfig"; sourceTree = "<group>"; };
		911FE78C1E92BA4600BE9F3E /* Pinder.app */ = {isa = PBXFileReference; explicitFileType = wrapper.application; includeInIndex = 0; path = Pinder.app; sourceTree = BUILT_PRODUCTS_DIR; };
		911FE78F1E92BA4600BE9F3E /* AppDelegate.swift */ = {isa = PBXFileReference; lastKnownFileType = sourcecode.swift; path = AppDelegate.swift; sourceTree = "<group>"; };
		911FE7911E92BA4600BE9F3E /* ViewController.swift */ = {isa = PBXFileReference; lastKnownFileType = sourcecode.swift; path = ViewController.swift; sourceTree = "<group>"; };
		911FE7941E92BA4600BE9F3E /* Base */ = {isa = PBXFileReference; lastKnownFileType = file.storyboard; name = Base; path = Base.lproj/Main.storyboard; sourceTree = "<group>"; };
		911FE7961E92BA4600BE9F3E /* Assets.xcassets */ = {isa = PBXFileReference; lastKnownFileType = folder.assetcatalog; path = Assets.xcassets; sourceTree = "<group>"; };
		911FE7991E92BA4600BE9F3E /* Base */ = {isa = PBXFileReference; lastKnownFileType = file.storyboard; name = Base; path = Base.lproj/LaunchScreen.storyboard; sourceTree = "<group>"; };
		911FE79B1E92BA4600BE9F3E /* Info.plist */ = {isa = PBXFileReference; lastKnownFileType = text.plist.xml; path = Info.plist; sourceTree = "<group>"; };
		911FE7A01E92BA4600BE9F3E /* PinderTests.xctest */ = {isa = PBXFileReference; explicitFileType = wrapper.cfbundle; includeInIndex = 0; path = PinderTests.xctest; sourceTree = BUILT_PRODUCTS_DIR; };
		911FE7A41E92BA4600BE9F3E /* PinderTests.swift */ = {isa = PBXFileReference; lastKnownFileType = sourcecode.swift; path = PinderTests.swift; sourceTree = "<group>"; };
		911FE7A61E92BA4600BE9F3E /* Info.plist */ = {isa = PBXFileReference; lastKnownFileType = text.plist.xml; path = Info.plist; sourceTree = "<group>"; };
		911FE7AB1E92BA4600BE9F3E /* PinderUITests.xctest */ = {isa = PBXFileReference; explicitFileType = wrapper.cfbundle; includeInIndex = 0; path = PinderUITests.xctest; sourceTree = BUILT_PRODUCTS_DIR; };
		911FE7AF1E92BA4600BE9F3E /* PinderUITests.swift */ = {isa = PBXFileReference; lastKnownFileType = sourcecode.swift; path = PinderUITests.swift; sourceTree = "<group>"; };
		911FE7B11E92BA4600BE9F3E /* Info.plist */ = {isa = PBXFileReference; lastKnownFileType = text.plist.xml; path = Info.plist; sourceTree = "<group>"; };
		91278F231E94A3CB00B3BDF4 /* ColorScheme.swift */ = {isa = PBXFileReference; fileEncoding = 4; lastKnownFileType = sourcecode.swift; name = ColorScheme.swift; path = ../ColorScheme.swift; sourceTree = "<group>"; };
		91298DDA1E9BF60F00E84551 /* ProfileViewController.swift */ = {isa = PBXFileReference; fileEncoding = 4; lastKnownFileType = sourcecode.swift; path = ProfileViewController.swift; sourceTree = "<group>"; };
		91298DDC1E9BF93C00E84551 /* GoogleService-Info.plist */ = {isa = PBXFileReference; fileEncoding = 4; lastKnownFileType = text.plist.xml; path = "GoogleService-Info.plist"; sourceTree = "<group>"; };
		91298DDE1E9C7F6600E84551 /* BrowseViewController.swift */ = {isa = PBXFileReference; fileEncoding = 4; lastKnownFileType = sourcecode.swift; path = BrowseViewController.swift; sourceTree = "<group>"; };
		91298DE01E9C80C400E84551 /* MatchesViewController.swift */ = {isa = PBXFileReference; fileEncoding = 4; lastKnownFileType = sourcecode.swift; path = MatchesViewController.swift; sourceTree = "<group>"; };
		91298DE21E9C82FC00E84551 /* DetailViewController.swift */ = {isa = PBXFileReference; fileEncoding = 4; lastKnownFileType = sourcecode.swift; path = DetailViewController.swift; sourceTree = "<group>"; };
		91D404141EA514B60027A11A /* EditViewController.swift */ = {isa = PBXFileReference; fileEncoding = 4; lastKnownFileType = sourcecode.swift; path = EditViewController.swift; sourceTree = "<group>"; };
		91E73B0E1EA45CEB001B6A8F /* Quicksand_Dash.otf */ = {isa = PBXFileReference; lastKnownFileType = file; path = Quicksand_Dash.otf; sourceTree = "<group>"; };
		91E73B0F1EA45CEB001B6A8F /* Quicksand-Bold.otf */ = {isa = PBXFileReference; lastKnownFileType = file; path = "Quicksand-Bold.otf"; sourceTree = "<group>"; };
		91E73B101EA45CEB001B6A8F /* Quicksand-BoldItalic.otf */ = {isa = PBXFileReference; lastKnownFileType = file; path = "Quicksand-BoldItalic.otf"; sourceTree = "<group>"; };
		91E73B111EA45CEB001B6A8F /* Quicksand-Italic.otf */ = {isa = PBXFileReference; lastKnownFileType = file; path = "Quicksand-Italic.otf"; sourceTree = "<group>"; };
		91E73B121EA45CEB001B6A8F /* Quicksand-Light.otf */ = {isa = PBXFileReference; lastKnownFileType = file; path = "Quicksand-Light.otf"; sourceTree = "<group>"; };
		91E73B131EA45CEB001B6A8F /* Quicksand-LightItalic.otf */ = {isa = PBXFileReference; lastKnownFileType = file; path = "Quicksand-LightItalic.otf"; sourceTree = "<group>"; };
		91E73B141EA45CEB001B6A8F /* Quicksand-Regular.otf */ = {isa = PBXFileReference; lastKnownFileType = file; path = "Quicksand-Regular.otf"; sourceTree = "<group>"; };
		BBC08FC8F670E45BE070B6FD /* Pods-Pinder.release.xcconfig */ = {isa = PBXFileReference; includeInIndex = 1; lastKnownFileType = text.xcconfig; name = "Pods-Pinder.release.xcconfig"; path = "Pods/Target Support Files/Pods-Pinder/Pods-Pinder.release.xcconfig"; sourceTree = "<group>"; };
/* End PBXFileReference section */

/* Begin PBXFrameworksBuildPhase section */
		911FE7891E92BA4600BE9F3E /* Frameworks */ = {
			isa = PBXFrameworksBuildPhase;
			buildActionMask = 2147483647;
			files = (
				FC85703B1510CD91FC130550 /* Pods_Pinder.framework in Frameworks */,
			);
			runOnlyForDeploymentPostprocessing = 0;
		};
		911FE79D1E92BA4600BE9F3E /* Frameworks */ = {
			isa = PBXFrameworksBuildPhase;
			buildActionMask = 2147483647;
			files = (
			);
			runOnlyForDeploymentPostprocessing = 0;
		};
		911FE7A81E92BA4600BE9F3E /* Frameworks */ = {
			isa = PBXFrameworksBuildPhase;
			buildActionMask = 2147483647;
			files = (
			);
			runOnlyForDeploymentPostprocessing = 0;
		};
/* End PBXFrameworksBuildPhase section */

/* Begin PBXGroup section */
		2020460EFE7BFE74CBCCDC1E /* Pods */ = {
			isa = PBXGroup;
			children = (
				6C3BF72817A13DC323C3C8BB /* Pods-Pinder.debug.xcconfig */,
				BBC08FC8F670E45BE070B6FD /* Pods-Pinder.release.xcconfig */,
			);
			name = Pods;
			sourceTree = "<group>";
		};
		33FE466268779F208980D7AD /* Frameworks */ = {
			isa = PBXGroup;
			children = (
				4C94E88A858BD74FCB1F8D05 /* Pods_Pinder.framework */,
			);
			name = Frameworks;
			sourceTree = "<group>";
		};
		911FE7831E92BA4600BE9F3E = {
			isa = PBXGroup;
			children = (
				911FE78E1E92BA4600BE9F3E /* Pinder */,
				911FE7A31E92BA4600BE9F3E /* PinderTests */,
				911FE7AE1E92BA4600BE9F3E /* PinderUITests */,
				911FE78D1E92BA4600BE9F3E /* Products */,
				2020460EFE7BFE74CBCCDC1E /* Pods */,
				33FE466268779F208980D7AD /* Frameworks */,
			);
			sourceTree = "<group>";
		};
		911FE78D1E92BA4600BE9F3E /* Products */ = {
			isa = PBXGroup;
			children = (
				911FE78C1E92BA4600BE9F3E /* Pinder.app */,
				911FE7A01E92BA4600BE9F3E /* PinderTests.xctest */,
				911FE7AB1E92BA4600BE9F3E /* PinderUITests.xctest */,
			);
			name = Products;
			sourceTree = "<group>";
		};
		911FE78E1E92BA4600BE9F3E /* Pinder */ = {
			isa = PBXGroup;
			children = (
				91278F231E94A3CB00B3BDF4 /* ColorScheme.swift */,
				911FE78F1E92BA4600BE9F3E /* AppDelegate.swift */,
				911FE7911E92BA4600BE9F3E /* ViewController.swift */,
				91298DE21E9C82FC00E84551 /* DetailViewController.swift */,
				911FE7931E92BA4600BE9F3E /* Main.storyboard */,
				91D404141EA514B60027A11A /* EditViewController.swift */,
				91298DE01E9C80C400E84551 /* MatchesViewController.swift */,
				91298DDE1E9C7F6600E84551 /* BrowseViewController.swift */,
				91298DDA1E9BF60F00E84551 /* ProfileViewController.swift */,
				911FE7961E92BA4600BE9F3E /* Assets.xcassets */,
				91298DDC1E9BF93C00E84551 /* GoogleService-Info.plist */,
				91E73B0E1EA45CEB001B6A8F /* Quicksand_Dash.otf */,
				91E73B0F1EA45CEB001B6A8F /* Quicksand-Bold.otf */,
				91E73B101EA45CEB001B6A8F /* Quicksand-BoldItalic.otf */,
				91E73B111EA45CEB001B6A8F /* Quicksand-Italic.otf */,
				91E73B121EA45CEB001B6A8F /* Quicksand-Light.otf */,
				91E73B131EA45CEB001B6A8F /* Quicksand-LightItalic.otf */,
				91E73B141EA45CEB001B6A8F /* Quicksand-Regular.otf */,
				683C47DA1E9C3F1C00F2849F /* Constants.swift */,
				911FE7981E92BA4600BE9F3E /* LaunchScreen.storyboard */,
				911FE79B1E92BA4600BE9F3E /* Info.plist */,
				683C47D61E98266C00F2849F /* DatabaseFunctions.swift */,
				683C47E21EA158C900F2849F /* userProfileElement.swift */,
				683C47E41EA53A1C00F2849F /* Profile.swift */,
			);
			path = Pinder;
			sourceTree = "<group>";
		};
		911FE7A31E92BA4600BE9F3E /* PinderTests */ = {
			isa = PBXGroup;
			children = (
				911FE7A41E92BA4600BE9F3E /* PinderTests.swift */,
				911FE7A61E92BA4600BE9F3E /* Info.plist */,
			);
			path = PinderTests;
			sourceTree = "<group>";
		};
		911FE7AE1E92BA4600BE9F3E /* PinderUITests */ = {
			isa = PBXGroup;
			children = (
				911FE7AF1E92BA4600BE9F3E /* PinderUITests.swift */,
				911FE7B11E92BA4600BE9F3E /* Info.plist */,
			);
			path = PinderUITests;
			sourceTree = "<group>";
		};
/* End PBXGroup section */

/* Begin PBXNativeTarget section */
		911FE78B1E92BA4600BE9F3E /* Pinder */ = {
			isa = PBXNativeTarget;
			buildConfigurationList = 911FE7B41E92BA4600BE9F3E /* Build configuration list for PBXNativeTarget "Pinder" */;
			buildPhases = (
				55C7DD73EEEDE37A7E617F63 /* [CP] Check Pods Manifest.lock */,
				911FE7881E92BA4600BE9F3E /* Sources */,
				911FE7891E92BA4600BE9F3E /* Frameworks */,
				911FE78A1E92BA4600BE9F3E /* Resources */,
				7E85CB407C3D8CC30D7E718F /* [CP] Embed Pods Frameworks */,
				9D382341FD7203A73B1BCE52 /* [CP] Copy Pods Resources */,
			);
			buildRules = (
			);
			dependencies = (
			);
			name = Pinder;
			productName = Pinder;
			productReference = 911FE78C1E92BA4600BE9F3E /* Pinder.app */;
			productType = "com.apple.product-type.application";
		};
		911FE79F1E92BA4600BE9F3E /* PinderTests */ = {
			isa = PBXNativeTarget;
			buildConfigurationList = 911FE7B71E92BA4600BE9F3E /* Build configuration list for PBXNativeTarget "PinderTests" */;
			buildPhases = (
				911FE79C1E92BA4600BE9F3E /* Sources */,
				911FE79D1E92BA4600BE9F3E /* Frameworks */,
				911FE79E1E92BA4600BE9F3E /* Resources */,
			);
			buildRules = (
			);
			dependencies = (
				911FE7A21E92BA4600BE9F3E /* PBXTargetDependency */,
			);
			name = PinderTests;
			productName = PinderTests;
			productReference = 911FE7A01E92BA4600BE9F3E /* PinderTests.xctest */;
			productType = "com.apple.product-type.bundle.unit-test";
		};
		911FE7AA1E92BA4600BE9F3E /* PinderUITests */ = {
			isa = PBXNativeTarget;
			buildConfigurationList = 911FE7BA1E92BA4600BE9F3E /* Build configuration list for PBXNativeTarget "PinderUITests" */;
			buildPhases = (
				911FE7A71E92BA4600BE9F3E /* Sources */,
				911FE7A81E92BA4600BE9F3E /* Frameworks */,
				911FE7A91E92BA4600BE9F3E /* Resources */,
			);
			buildRules = (
			);
			dependencies = (
				911FE7AD1E92BA4600BE9F3E /* PBXTargetDependency */,
			);
			name = PinderUITests;
			productName = PinderUITests;
			productReference = 911FE7AB1E92BA4600BE9F3E /* PinderUITests.xctest */;
			productType = "com.apple.product-type.bundle.ui-testing";
		};
/* End PBXNativeTarget section */

/* Begin PBXProject section */
		911FE7841E92BA4600BE9F3E /* Project object */ = {
			isa = PBXProject;
			attributes = {
				LastSwiftUpdateCheck = 0830;
				LastUpgradeCheck = 0830;
				ORGANIZATIONNAME = "Kate Harline";
				TargetAttributes = {
					911FE78B1E92BA4600BE9F3E = {
						CreatedOnToolsVersion = 8.3;
						DevelopmentTeam = P3J4S4E24P;
						ProvisioningStyle = Automatic;
					};
					911FE79F1E92BA4600BE9F3E = {
						CreatedOnToolsVersion = 8.3;
						ProvisioningStyle = Automatic;
						TestTargetID = 911FE78B1E92BA4600BE9F3E;
					};
					911FE7AA1E92BA4600BE9F3E = {
						CreatedOnToolsVersion = 8.3;
						ProvisioningStyle = Automatic;
						TestTargetID = 911FE78B1E92BA4600BE9F3E;
					};
				};
			};
			buildConfigurationList = 911FE7871E92BA4600BE9F3E /* Build configuration list for PBXProject "Pinder" */;
			compatibilityVersion = "Xcode 3.2";
			developmentRegion = English;
			hasScannedForEncodings = 0;
			knownRegions = (
				en,
				Base,
			);
			mainGroup = 911FE7831E92BA4600BE9F3E;
			productRefGroup = 911FE78D1E92BA4600BE9F3E /* Products */;
			projectDirPath = "";
			projectRoot = "";
			targets = (
				911FE78B1E92BA4600BE9F3E /* Pinder */,
				911FE79F1E92BA4600BE9F3E /* PinderTests */,
				911FE7AA1E92BA4600BE9F3E /* PinderUITests */,
			);
		};
/* End PBXProject section */

/* Begin PBXResourcesBuildPhase section */
		911FE78A1E92BA4600BE9F3E /* Resources */ = {
			isa = PBXResourcesBuildPhase;
			buildActionMask = 2147483647;
			files = (
				911FE79A1E92BA4600BE9F3E /* LaunchScreen.storyboard in Resources */,
				91E73B181EA45D0B001B6A8F /* Quicksand-Italic.otf in Resources */,
				91E73B171EA45D09001B6A8F /* Quicksand-BoldItalic.otf in Resources */,
				91298DDD1E9BF93C00E84551 /* GoogleService-Info.plist in Resources */,
				91E73B1A1EA45D10001B6A8F /* Quicksand-LightItalic.otf in Resources */,
				911FE7971E92BA4600BE9F3E /* Assets.xcassets in Resources */,
				91E73B1B1EA45D12001B6A8F /* Quicksand-Regular.otf in Resources */,
				91E73B161EA45D07001B6A8F /* Quicksand_Dash.otf in Resources */,
				91E73B191EA45D0E001B6A8F /* Quicksand-Light.otf in Resources */,
				911FE7951E92BA4600BE9F3E /* Main.storyboard in Resources */,
				91E73B151EA45D04001B6A8F /* Quicksand-Bold.otf in Resources */,
			);
			runOnlyForDeploymentPostprocessing = 0;
		};
		911FE79E1E92BA4600BE9F3E /* Resources */ = {
			isa = PBXResourcesBuildPhase;
			buildActionMask = 2147483647;
			files = (
			);
			runOnlyForDeploymentPostprocessing = 0;
		};
		911FE7A91E92BA4600BE9F3E /* Resources */ = {
			isa = PBXResourcesBuildPhase;
			buildActionMask = 2147483647;
			files = (
			);
			runOnlyForDeploymentPostprocessing = 0;
		};
/* End PBXResourcesBuildPhase section */

/* Begin PBXShellScriptBuildPhase section */
		55C7DD73EEEDE37A7E617F63 /* [CP] Check Pods Manifest.lock */ = {
			isa = PBXShellScriptBuildPhase;
			buildActionMask = 2147483647;
			files = (
			);
			inputPaths = (
			);
			name = "[CP] Check Pods Manifest.lock";
			outputPaths = (
			);
			runOnlyForDeploymentPostprocessing = 0;
			shellPath = /bin/sh;
			shellScript = "diff \"${PODS_ROOT}/../Podfile.lock\" \"${PODS_ROOT}/Manifest.lock\" > /dev/null\nif [ $? != 0 ] ; then\n    # print error to STDERR\n    echo \"error: The sandbox is not in sync with the Podfile.lock. Run 'pod install' or update your CocoaPods installation.\" >&2\n    exit 1\nfi\n";
			showEnvVarsInLog = 0;
		};
		7E85CB407C3D8CC30D7E718F /* [CP] Embed Pods Frameworks */ = {
			isa = PBXShellScriptBuildPhase;
			buildActionMask = 2147483647;
			files = (
			);
			inputPaths = (
			);
			name = "[CP] Embed Pods Frameworks";
			outputPaths = (
			);
			runOnlyForDeploymentPostprocessing = 0;
			shellPath = /bin/sh;
			shellScript = "\"${SRCROOT}/Pods/Target Support Files/Pods-Pinder/Pods-Pinder-frameworks.sh\"\n";
			showEnvVarsInLog = 0;
		};
		9D382341FD7203A73B1BCE52 /* [CP] Copy Pods Resources */ = {
			isa = PBXShellScriptBuildPhase;
			buildActionMask = 2147483647;
			files = (
			);
			inputPaths = (
			);
			name = "[CP] Copy Pods Resources";
			outputPaths = (
			);
			runOnlyForDeploymentPostprocessing = 0;
			shellPath = /bin/sh;
			shellScript = "\"${SRCROOT}/Pods/Target Support Files/Pods-Pinder/Pods-Pinder-resources.sh\"\n";
			showEnvVarsInLog = 0;
		};
/* End PBXShellScriptBuildPhase section */

/* Begin PBXSourcesBuildPhase section */
		911FE7881E92BA4600BE9F3E /* Sources */ = {
			isa = PBXSourcesBuildPhase;
			buildActionMask = 2147483647;
			files = (
				91298DE31E9C82FC00E84551 /* DetailViewController.swift in Sources */,
				683C47E51EA53A1C00F2849F /* Profile.swift in Sources */,
				683C47E31EA158C900F2849F /* userProfileElement.swift in Sources */,
				91298DDF1E9C7F6600E84551 /* BrowseViewController.swift in Sources */,
				683C47D71E98266C00F2849F /* DatabaseFunctions.swift in Sources */,
				911FE7921E92BA4600BE9F3E /* ViewController.swift in Sources */,
				91298DDB1E9BF60F00E84551 /* ProfileViewController.swift in Sources */,
				91278F241E94A3CB00B3BDF4 /* ColorScheme.swift in Sources */,
				911FE7901E92BA4600BE9F3E /* AppDelegate.swift in Sources */,
				683C47DB1E9C3F1C00F2849F /* Constants.swift in Sources */,
				91D404151EA514B60027A11A /* EditViewController.swift in Sources */,
				91298DE11E9C80C400E84551 /* MatchesViewController.swift in Sources */,
			);
			runOnlyForDeploymentPostprocessing = 0;
		};
		911FE79C1E92BA4600BE9F3E /* Sources */ = {
			isa = PBXSourcesBuildPhase;
			buildActionMask = 2147483647;
			files = (
				911FE7A51E92BA4600BE9F3E /* PinderTests.swift in Sources */,
			);
			runOnlyForDeploymentPostprocessing = 0;
		};
		911FE7A71E92BA4600BE9F3E /* Sources */ = {
			isa = PBXSourcesBuildPhase;
			buildActionMask = 2147483647;
			files = (
				911FE7B01E92BA4600BE9F3E /* PinderUITests.swift in Sources */,
			);
			runOnlyForDeploymentPostprocessing = 0;
		};
/* End PBXSourcesBuildPhase section */

/* Begin PBXTargetDependency section */
		911FE7A21E92BA4600BE9F3E /* PBXTargetDependency */ = {
			isa = PBXTargetDependency;
			target = 911FE78B1E92BA4600BE9F3E /* Pinder */;
			targetProxy = 911FE7A11E92BA4600BE9F3E /* PBXContainerItemProxy */;
		};
		911FE7AD1E92BA4600BE9F3E /* PBXTargetDependency */ = {
			isa = PBXTargetDependency;
			target = 911FE78B1E92BA4600BE9F3E /* Pinder */;
			targetProxy = 911FE7AC1E92BA4600BE9F3E /* PBXContainerItemProxy */;
		};
/* End PBXTargetDependency section */

/* Begin PBXVariantGroup section */
		911FE7931E92BA4600BE9F3E /* Main.storyboard */ = {
			isa = PBXVariantGroup;
			children = (
				911FE7941E92BA4600BE9F3E /* Base */,
			);
			name = Main.storyboard;
			sourceTree = "<group>";
		};
		911FE7981E92BA4600BE9F3E /* LaunchScreen.storyboard */ = {
			isa = PBXVariantGroup;
			children = (
				911FE7991E92BA4600BE9F3E /* Base */,
			);
			name = LaunchScreen.storyboard;
			sourceTree = "<group>";
		};
/* End PBXVariantGroup section */

/* Begin XCBuildConfiguration section */
		911FE7B21E92BA4600BE9F3E /* Debug */ = {
			isa = XCBuildConfiguration;
			buildSettings = {
				ALWAYS_SEARCH_USER_PATHS = NO;
				CLANG_ANALYZER_NONNULL = YES;
				CLANG_ANALYZER_NUMBER_OBJECT_CONVERSION = YES_AGGRESSIVE;
				CLANG_CXX_LANGUAGE_STANDARD = "gnu++0x";
				CLANG_CXX_LIBRARY = "libc++";
				CLANG_ENABLE_MODULES = YES;
				CLANG_ENABLE_OBJC_ARC = YES;
				CLANG_WARN_BOOL_CONVERSION = YES;
				CLANG_WARN_CONSTANT_CONVERSION = YES;
				CLANG_WARN_DIRECT_OBJC_ISA_USAGE = YES_ERROR;
				CLANG_WARN_DOCUMENTATION_COMMENTS = YES;
				CLANG_WARN_EMPTY_BODY = YES;
				CLANG_WARN_ENUM_CONVERSION = YES;
				CLANG_WARN_INFINITE_RECURSION = YES;
				CLANG_WARN_INT_CONVERSION = YES;
				CLANG_WARN_OBJC_ROOT_CLASS = YES_ERROR;
				CLANG_WARN_SUSPICIOUS_MOVE = YES;
				CLANG_WARN_UNREACHABLE_CODE = YES;
				CLANG_WARN__DUPLICATE_METHOD_MATCH = YES;
				"CODE_SIGN_IDENTITY[sdk=iphoneos*]" = "iPhone Developer";
				COPY_PHASE_STRIP = NO;
				DEBUG_INFORMATION_FORMAT = dwarf;
				ENABLE_STRICT_OBJC_MSGSEND = YES;
				ENABLE_TESTABILITY = YES;
				GCC_C_LANGUAGE_STANDARD = gnu99;
				GCC_DYNAMIC_NO_PIC = NO;
				GCC_NO_COMMON_BLOCKS = YES;
				GCC_OPTIMIZATION_LEVEL = 0;
				GCC_PREPROCESSOR_DEFINITIONS = (
					"DEBUG=1",
					"$(inherited)",
				);
				GCC_WARN_64_TO_32_BIT_CONVERSION = YES;
				GCC_WARN_ABOUT_RETURN_TYPE = YES_ERROR;
				GCC_WARN_UNDECLARED_SELECTOR = YES;
				GCC_WARN_UNINITIALIZED_AUTOS = YES_AGGRESSIVE;
				GCC_WARN_UNUSED_FUNCTION = YES;
				GCC_WARN_UNUSED_VARIABLE = YES;
				IPHONEOS_DEPLOYMENT_TARGET = 10.2;
				MTL_ENABLE_DEBUG_INFO = YES;
				ONLY_ACTIVE_ARCH = YES;
				SDKROOT = iphoneos;
				SWIFT_ACTIVE_COMPILATION_CONDITIONS = DEBUG;
				SWIFT_OPTIMIZATION_LEVEL = "-Onone";
				TARGETED_DEVICE_FAMILY = "1,2";
			};
			name = Debug;
		};
		911FE7B31E92BA4600BE9F3E /* Release */ = {
			isa = XCBuildConfiguration;
			buildSettings = {
				ALWAYS_SEARCH_USER_PATHS = NO;
				CLANG_ANALYZER_NONNULL = YES;
				CLANG_ANALYZER_NUMBER_OBJECT_CONVERSION = YES_AGGRESSIVE;
				CLANG_CXX_LANGUAGE_STANDARD = "gnu++0x";
				CLANG_CXX_LIBRARY = "libc++";
				CLANG_ENABLE_MODULES = YES;
				CLANG_ENABLE_OBJC_ARC = YES;
				CLANG_WARN_BOOL_CONVERSION = YES;
				CLANG_WARN_CONSTANT_CONVERSION = YES;
				CLANG_WARN_DIRECT_OBJC_ISA_USAGE = YES_ERROR;
				CLANG_WARN_DOCUMENTATION_COMMENTS = YES;
				CLANG_WARN_EMPTY_BODY = YES;
				CLANG_WARN_ENUM_CONVERSION = YES;
				CLANG_WARN_INFINITE_RECURSION = YES;
				CLANG_WARN_INT_CONVERSION = YES;
				CLANG_WARN_OBJC_ROOT_CLASS = YES_ERROR;
				CLANG_WARN_SUSPICIOUS_MOVE = YES;
				CLANG_WARN_UNREACHABLE_CODE = YES;
				CLANG_WARN__DUPLICATE_METHOD_MATCH = YES;
				"CODE_SIGN_IDENTITY[sdk=iphoneos*]" = "iPhone Developer";
				COPY_PHASE_STRIP = NO;
				DEBUG_INFORMATION_FORMAT = "dwarf-with-dsym";
				ENABLE_NS_ASSERTIONS = NO;
				ENABLE_STRICT_OBJC_MSGSEND = YES;
				GCC_C_LANGUAGE_STANDARD = gnu99;
				GCC_NO_COMMON_BLOCKS = YES;
				GCC_WARN_64_TO_32_BIT_CONVERSION = YES;
				GCC_WARN_ABOUT_RETURN_TYPE = YES_ERROR;
				GCC_WARN_UNDECLARED_SELECTOR = YES;
				GCC_WARN_UNINITIALIZED_AUTOS = YES_AGGRESSIVE;
				GCC_WARN_UNUSED_FUNCTION = YES;
				GCC_WARN_UNUSED_VARIABLE = YES;
				IPHONEOS_DEPLOYMENT_TARGET = 10.2;
				MTL_ENABLE_DEBUG_INFO = NO;
				SDKROOT = iphoneos;
				SWIFT_OPTIMIZATION_LEVEL = "-Owholemodule";
				TARGETED_DEVICE_FAMILY = "1,2";
				VALIDATE_PRODUCT = YES;
			};
			name = Release;
		};
		911FE7B51E92BA4600BE9F3E /* Debug */ = {
			isa = XCBuildConfiguration;
			baseConfigurationReference = 6C3BF72817A13DC323C3C8BB /* Pods-Pinder.debug.xcconfig */;
			buildSettings = {
				ASSETCATALOG_COMPILER_APPICON_NAME = AppIcon;
				DEVELOPMENT_TEAM = P3J4S4E24P;
				INFOPLIST_FILE = Pinder/Info.plist;
				IPHONEOS_DEPLOYMENT_TARGET = 10.2;
				LD_RUNPATH_SEARCH_PATHS = "$(inherited) @executable_path/Frameworks";
				PRODUCT_BUNDLE_IDENTIFIER = PinderProject.Pinder;
				PRODUCT_NAME = "$(TARGET_NAME)";
				SWIFT_VERSION = 3.0;
			};
			name = Debug;
		};
		911FE7B61E92BA4600BE9F3E /* Release */ = {
			isa = XCBuildConfiguration;
			baseConfigurationReference = BBC08FC8F670E45BE070B6FD /* Pods-Pinder.release.xcconfig */;
			buildSettings = {
				ASSETCATALOG_COMPILER_APPICON_NAME = AppIcon;
				DEVELOPMENT_TEAM = P3J4S4E24P;
				INFOPLIST_FILE = Pinder/Info.plist;
				IPHONEOS_DEPLOYMENT_TARGET = 10.2;
				LD_RUNPATH_SEARCH_PATHS = "$(inherited) @executable_path/Frameworks";
				PRODUCT_BUNDLE_IDENTIFIER = PinderProject.Pinder;
				PRODUCT_NAME = "$(TARGET_NAME)";
				SWIFT_VERSION = 3.0;
			};
			name = Release;
		};
		911FE7B81E92BA4600BE9F3E /* Debug */ = {
			isa = XCBuildConfiguration;
			buildSettings = {
				ALWAYS_EMBED_SWIFT_STANDARD_LIBRARIES = YES;
				BUNDLE_LOADER = "$(TEST_HOST)";
				INFOPLIST_FILE = PinderTests/Info.plist;
				LD_RUNPATH_SEARCH_PATHS = "$(inherited) @executable_path/Frameworks @loader_path/Frameworks";
				PRODUCT_BUNDLE_IDENTIFIER = GroupProject.PinderTests;
				PRODUCT_NAME = "$(TARGET_NAME)";
				SWIFT_VERSION = 3.0;
				TEST_HOST = "$(BUILT_PRODUCTS_DIR)/Pinder.app/Pinder";
			};
			name = Debug;
		};
		911FE7B91E92BA4600BE9F3E /* Release */ = {
			isa = XCBuildConfiguration;
			buildSettings = {
				ALWAYS_EMBED_SWIFT_STANDARD_LIBRARIES = YES;
				BUNDLE_LOADER = "$(TEST_HOST)";
				INFOPLIST_FILE = PinderTests/Info.plist;
				LD_RUNPATH_SEARCH_PATHS = "$(inherited) @executable_path/Frameworks @loader_path/Frameworks";
				PRODUCT_BUNDLE_IDENTIFIER = GroupProject.PinderTests;
				PRODUCT_NAME = "$(TARGET_NAME)";
				SWIFT_VERSION = 3.0;
				TEST_HOST = "$(BUILT_PRODUCTS_DIR)/Pinder.app/Pinder";
			};
			name = Release;
		};
		911FE7BB1E92BA4600BE9F3E /* Debug */ = {
			isa = XCBuildConfiguration;
			buildSettings = {
				ALWAYS_EMBED_SWIFT_STANDARD_LIBRARIES = YES;
				INFOPLIST_FILE = PinderUITests/Info.plist;
				LD_RUNPATH_SEARCH_PATHS = "$(inherited) @executable_path/Frameworks @loader_path/Frameworks";
				PRODUCT_BUNDLE_IDENTIFIER = GroupProject.PinderUITests;
				PRODUCT_NAME = "$(TARGET_NAME)";
				SWIFT_VERSION = 3.0;
				TEST_TARGET_NAME = Pinder;
			};
			name = Debug;
		};
		911FE7BC1E92BA4600BE9F3E /* Release */ = {
			isa = XCBuildConfiguration;
			buildSettings = {
				ALWAYS_EMBED_SWIFT_STANDARD_LIBRARIES = YES;
				INFOPLIST_FILE = PinderUITests/Info.plist;
				LD_RUNPATH_SEARCH_PATHS = "$(inherited) @executable_path/Frameworks @loader_path/Frameworks";
				PRODUCT_BUNDLE_IDENTIFIER = GroupProject.PinderUITests;
				PRODUCT_NAME = "$(TARGET_NAME)";
				SWIFT_VERSION = 3.0;
				TEST_TARGET_NAME = Pinder;
			};
			name = Release;
		};
/* End XCBuildConfiguration section */

/* Begin XCConfigurationList section */
		911FE7871E92BA4600BE9F3E /* Build configuration list for PBXProject "Pinder" */ = {
			isa = XCConfigurationList;
			buildConfigurations = (
				911FE7B21E92BA4600BE9F3E /* Debug */,
				911FE7B31E92BA4600BE9F3E /* Release */,
			);
			defaultConfigurationIsVisible = 0;
			defaultConfigurationName = Release;
		};
		911FE7B41E92BA4600BE9F3E /* Build configuration list for PBXNativeTarget "Pinder" */ = {
			isa = XCConfigurationList;
			buildConfigurations = (
				911FE7B51E92BA4600BE9F3E /* Debug */,
				911FE7B61E92BA4600BE9F3E /* Release */,
			);
			defaultConfigurationIsVisible = 0;
			defaultConfigurationName = Release;
		};
		911FE7B71E92BA4600BE9F3E /* Build configuration list for PBXNativeTarget "PinderTests" */ = {
			isa = XCConfigurationList;
			buildConfigurations = (
				911FE7B81E92BA4600BE9F3E /* Debug */,
				911FE7B91E92BA4600BE9F3E /* Release */,
			);
			defaultConfigurationIsVisible = 0;
			defaultConfigurationName = Release;
		};
		911FE7BA1E92BA4600BE9F3E /* Build configuration list for PBXNativeTarget "PinderUITests" */ = {
			isa = XCConfigurationList;
			buildConfigurations = (
				911FE7BB1E92BA4600BE9F3E /* Debug */,
				911FE7BC1E92BA4600BE9F3E /* Release */,
			);
			defaultConfigurationIsVisible = 0;
			defaultConfigurationName = Release;
		};
/* End XCConfigurationList section */
	};
	rootObject = 911FE7841E92BA4600BE9F3E /* Project object */;
}
